{
  "version": 4,
  "terraform_version": "1.0.0",
  "serial": 31,
  "lineage": "001771af-d944-6901-e9f8-da79c9a5bd6d",
  "outputs": {
    "address": {
      "value": [
        "ec2-54-201-172-121.us-west-2.compute.amazonaws.com"
      ],
      "type": [
        "tuple",
        [
          "string"
        ]
      ]
    }
  },
  "resources": [
    {
      "mode": "managed",
      "type": "aws_instance",
      "name": "app_server",
      "provider": "provider[\"registry.terraform.io/hashicorp/aws\"]",
      "instances": [
        {
          "schema_version": 1,
          "attributes": {
            "ami": "ami-0800fc0fa715fdcfe",
            "arn": "arn:aws:ec2:us-west-2:342914004882:instance/i-0d288e8bcd9a6fc63",
            "associate_public_ip_address": true,
            "availability_zone": "us-west-2a",
            "capacity_reservation_specification": [
              {
                "capacity_reservation_preference": "open",
                "capacity_reservation_target": []
              }
            ],
            "cpu_core_count": 1,
            "cpu_threads_per_core": 1,
            "credit_specification": [
              {
                "cpu_credits": "standard"
              }
            ],
            "disable_api_termination": false,
            "ebs_block_device": [],
            "ebs_optimized": false,
            "enclave_options": [
              {
                "enabled": false
              }
            ],
            "ephemeral_block_device": [],
            "get_password_data": false,
            "hibernation": false,
            "host_id": null,
            "iam_instance_profile": "",
            "id": "i-0d288e8bcd9a6fc63",
            "instance_initiated_shutdown_behavior": "stop",
            "instance_state": "running",
            "instance_type": "t2.micro",
            "ipv6_address_count": 0,
            "ipv6_addresses": [],
            "key_name": "default",
            "metadata_options": [
              {
                "http_endpoint": "enabled",
                "http_put_response_hop_limit": 1,
                "http_tokens": "optional"
              }
            ],
            "monitoring": false,
            "network_interface": [],
            "outpost_arn": "",
            "password_data": "",
            "placement_group": "",
            "primary_network_interface_id": "eni-00368b3dcb994c16c",
            "private_dns": "ip-172-31-30-132.us-west-2.compute.internal",
            "private_ip": "172.31.30.132",
            "public_dns": "ec2-54-201-172-121.us-west-2.compute.amazonaws.com",
            "public_ip": "54.201.172.121",
            "root_block_device": [
              {
                "delete_on_termination": true,
                "device_name": "/dev/xvda",
                "encrypted": false,
                "iops": 100,
                "kms_key_id": "",
                "tags": {},
                "throughput": 0,
                "volume_id": "vol-028f1e1692ef23327",
                "volume_size": 8,
                "volume_type": "gp2"
              }
            ],
            "secondary_private_ips": [],
            "security_groups": [
              "web-server-security-group"
            ],
            "source_dest_check": true,
            "subnet_id": "subnet-8621acfe",
            "tags": {
              "Name": "dev w devops simple_web"
            },
            "tags_all": {
              "Name": "dev w devops simple_web"
            },
            "tenancy": "default",
            "timeouts": null,
            "user_data": null,
            "user_data_base64": null,
            "volume_tags": null,
            "vpc_security_group_ids": [
              "sg-0a0a02c183a43a5a1"
            ]
          },
          "sensitive_attributes": [],
          "private": "eyJlMmJmYjczMC1lY2FhLTExZTYtOGY4OC0zNDM2M2JjN2M0YzAiOnsiY3JlYXRlIjo2MDAwMDAwMDAwMDAsImRlbGV0ZSI6MTIwMDAwMDAwMDAwMCwidXBkYXRlIjo2MDAwMDAwMDAwMDB9LCJzY2hlbWFfdmVyc2lvbiI6IjEifQ==",
          "dependencies": [
            "aws_security_group.web_server"
          ]
        }
      ]
    },
    {
      "mode": "managed",
      "type": "aws_key_pair",
      "name": "test",
      "provider": "provider[\"registry.terraform.io/hashicorp/aws\"]",
      "instances": [
        {
          "schema_version": 1,
          "attributes": {
            "arn": "arn:aws:ec2:us-west-2:342914004882:key-pair/test",
            "fingerprint": "ca:d6:11:a3:7b:82:d3:88:7e:31:eb:7b:fd:32:6b:7d",
            "id": "test",
            "key_name": "test",
            "key_name_prefix": null,
            "key_pair_id": "key-0ca017680e2280b9c",
            "public_key": "ssh-rsa AAAAB3NzaC1yc2EAAAADAQABAAABgQChAuN3EpJjAYcF1FoAEVN1smJvPJvqeRqBEFhgbjfn9cSMaB35Puygs8qQT5VNxdhfSDQUsLOl1kxrNK1+w92VCuQ1zqJR5C7rbnAvYvCUsgSiXCzkFRz1tjIO4fJ4nt1QvqMYyIROdkA6+srLgbpeNmJpL9m9LWJ58bA5pnpOI4kIg84Dy52FOn93cXRJF+csN/+2gJrWuaULLitBnoM+kbBv+7S4lJ7r8NvmNUwePBNGPOL26dvMbD3n1hP8DKR2HWQdIeE1O+pd3Uf+W2f3Xc2gDuviPhEj3bZoHtegMlH7Y1lcRFwCuGrNRAlZGU9dMqLO3LQACgU7XbkUtkd37O4H+TCi8lOlODz2M8iaHTCfDSJE8/BSV/3jcRroyCTwkLQ687pXJIviPMJtJ2FpRTu8kD4cEXodCnqoH8oLY7rYr7bk1XQRL6EZJoIzgrhbLoDczVuMwV/6d/ISzsdU8NnXlPXqfNGyhPLtsfzae6PXbo1G7B3Lfl+OIwQzaiU= grg121@archlinux",
            "tags": null,
            "tags_all": {}
          },
          "sensitive_attributes": [],
          "private": "eyJzY2hlbWFfdmVyc2lvbiI6IjEifQ=="
        }
      ]
    },
    {
      "mode": "managed",
      "type": "aws_security_group",
      "name": "web_server",
      "provider": "provider[\"registry.terraform.io/hashicorp/aws\"]",
      "instances": [
        {
          "schema_version": 1,
          "attributes": {
            "arn": "arn:aws:ec2:us-west-2:342914004882:security-group/sg-0a0a02c183a43a5a1",
            "description": "Allow HTTP, HTTPS and SSH traffic",
            "egress": [
              {
                "cidr_blocks": [
                  "0.0.0.0/0"
                ],
                "description": "",
                "from_port": 0,
                "ipv6_cidr_blocks": [],
                "prefix_list_ids": [],
                "protocol": "-1",
                "security_groups": [],
                "self": false,
                "to_port": 0
              }
            ],
            "id": "sg-0a0a02c183a43a5a1",
            "ingress": [
              {
                "cidr_blocks": [
                  "0.0.0.0/0"
                ],
                "description": "HTTP",
                "from_port": 80,
                "ipv6_cidr_blocks": [],
                "prefix_list_ids": [],
                "protocol": "tcp",
                "security_groups": [],
                "self": false,
                "to_port": 80
              },
              {
                "cidr_blocks": [
                  "0.0.0.0/0"
                ],
                "description": "HTTPS",
                "from_port": 443,
                "ipv6_cidr_blocks": [],
                "prefix_list_ids": [],
                "protocol": "tcp",
                "security_groups": [],
                "self": false,
                "to_port": 443
              },
              {
                "cidr_blocks": [
                  "0.0.0.0/0"
                ],
                "description": "SSH",
                "from_port": 22,
                "ipv6_cidr_blocks": [],
                "prefix_list_ids": [],
                "protocol": "tcp",
                "security_groups": [],
                "self": false,
                "to_port": 22
              }
            ],
            "name": "web-server-security-group",
            "name_prefix": "",
            "owner_id": "342914004882",
            "revoke_rules_on_delete": false,
            "tags": {
              "Name": "terraform"
            },
            "tags_all": {
              "Name": "terraform"
            },
            "timeouts": null,
            "vpc_id": "vpc-ee81b196"
          },
          "sensitive_attributes": [],
          "private": "eyJlMmJmYjczMC1lY2FhLTExZTYtOGY4OC0zNDM2M2JjN2M0YzAiOnsiY3JlYXRlIjo2MDAwMDAwMDAwMDAsImRlbGV0ZSI6OTAwMDAwMDAwMDAwfSwic2NoZW1hX3ZlcnNpb24iOiIxIn0="
        }
      ]
    }
  ]
}
