{
  "version": 4,
  "terraform_version": "1.0.0",
  "serial": 48,
  "lineage": "001771af-d944-6901-e9f8-da79c9a5bd6d",
  "outputs": {},
  "resources": [
    {
      "mode": "managed",
      "type": "aws_key_pair",
      "name": "ansible",
      "provider": "provider[\"registry.terraform.io/hashicorp/aws\"]",
      "instances": [
        {
          "schema_version": 1,
          "attributes": {
            "arn": "arn:aws:ec2:us-west-2:342914004882:key-pair/ansible",
            "fingerprint": "75:4a:5c:8f:89:31:8f:1e:53:be:03:92:fc:b2:62:cd",
            "id": "ansible",
            "key_name": "ansible",
            "key_name_prefix": null,
            "key_pair_id": "key-067b604628ea45913",
            "public_key": "ssh-rsa AAAAB3NzaC1yc2EAAAADAQABAAABgQDYs83RAtiHn7OOCHn2rmSygAneh7/6BHUD+lgGr1mOjpfbbIn6lBG7irxzy3f6H9hBDOUR6TxoEcDcmm39P9oUAhIcxI4CugGteHgMIPt9XgM81vnz0/5QCDvpvW2EN80w0nJNNrIfoQrdYkDkHfZDy8SioAxRY7o/4GZeNcL81IiR73fXvNi4C6gcp7kTG3ZC9xpiaM8IN1Wc9gjEKouGNdhqIMW68ypyuFhN2MrEa9Y0d14yyd1hmwM/+dx/XguZ9+NgDKbPQxsWXLYumHo+MY8xVGGKAzvh/W+wupvzkl6HlTBUjC/zmFNRbwnOrg9cK7Ryeo0OBdXK7ykLCD7W3JzVYbfJVRX8eTwf/McKtMKJ2SxxIgKpsDRuPfLuYKrE/ydKgI4hJleAQhIvJ5L7vHwZuh4InlbAGMetYDZKAOhORsrCTtwHwYSZDSDDpPcm7zOjMTgguaic87LvGgumUYSymzamn7cw4HA8CDeH+BqDNgHJnkIPBCeYpMOc+48= grg121@archlinux",
            "tags": {},
            "tags_all": {}
          },
          "sensitive_attributes": [],
          "private": "eyJzY2hlbWFfdmVyc2lvbiI6IjEifQ=="
        }
      ]
    },
    {
      "mode": "managed",
      "type": "aws_security_group",
      "name": "web_server",
      "provider": "provider[\"registry.terraform.io/hashicorp/aws\"]",
      "instances": [
        {
          "schema_version": 1,
          "attributes": {
            "arn": "arn:aws:ec2:us-west-2:342914004882:security-group/sg-0c631c7b4aa9b65bf",
            "description": "Allow HTTP, HTTPS and SSH traffic",
            "egress": [
              {
                "cidr_blocks": [
                  "0.0.0.0/0"
                ],
                "description": "",
                "from_port": 0,
                "ipv6_cidr_blocks": [],
                "prefix_list_ids": [],
                "protocol": "-1",
                "security_groups": [],
                "self": false,
                "to_port": 0
              }
            ],
            "id": "sg-0c631c7b4aa9b65bf",
            "ingress": [
              {
                "cidr_blocks": [
                  "0.0.0.0/0"
                ],
                "description": "HTTP",
                "from_port": 80,
                "ipv6_cidr_blocks": [],
                "prefix_list_ids": [],
                "protocol": "tcp",
                "security_groups": [],
                "self": false,
                "to_port": 80
              },
              {
                "cidr_blocks": [
                  "0.0.0.0/0"
                ],
                "description": "HTTPS",
                "from_port": 443,
                "ipv6_cidr_blocks": [],
                "prefix_list_ids": [],
                "protocol": "tcp",
                "security_groups": [],
                "self": false,
                "to_port": 443
              },
              {
                "cidr_blocks": [
                  "0.0.0.0/0"
                ],
                "description": "SSH",
                "from_port": 22,
                "ipv6_cidr_blocks": [],
                "prefix_list_ids": [],
                "protocol": "tcp",
                "security_groups": [],
                "self": false,
                "to_port": 22
              }
            ],
            "name": "web-server-security-group",
            "name_prefix": "",
            "owner_id": "342914004882",
            "revoke_rules_on_delete": false,
            "tags": {
              "Name": "terraform"
            },
            "tags_all": {
              "Name": "terraform"
            },
            "timeouts": null,
            "vpc_id": "vpc-ee81b196"
          },
          "sensitive_attributes": [],
          "private": "eyJlMmJmYjczMC1lY2FhLTExZTYtOGY4OC0zNDM2M2JjN2M0YzAiOnsiY3JlYXRlIjo2MDAwMDAwMDAwMDAsImRlbGV0ZSI6OTAwMDAwMDAwMDAwfSwic2NoZW1hX3ZlcnNpb24iOiIxIn0="
        }
      ]
    }
  ]
}
